
Microsoft Visual Studio Solution File, Format Version 12.00
# Visual Studio Version 16
VisualStudioVersion = 16.0.28803.352
MinimumVisualStudioVersion = 10.0.40219.1
Project("{FAE04EC0-301F-11D3-BF4B-00C04F79EFBC}") = "WpfApp1", "WpfApp1\WpfApp1.csproj", "{31855C9D-597C-4C8A-AD46-BC5EF0917D65}"
EndProject
Project("{FAE04EC0-301F-11D3-BF4B-00C04F79EFBC}") = "Entidades", "Entidades\Entidades.csproj", "{F6C4874D-9E60-43B5-AD5A-E23EC7D669E1}"
EndProject
Project("{FAE04EC0-301F-11D3-BF4B-00C04F79EFBC}") = "AccesoADatos", "AccesoADatos\AccesoADatos.csproj", "{020488F7-3DFD-4556-8BF0-CF6A8230B164}"
EndProject
Global
	GlobalSection(SolutionConfigurationPlatforms) = preSolution
		Debug|Any CPU = Debug|Any CPU
		Release|Any CPU = Release|Any CPU
	EndGlobalSection
	GlobalSection(ProjectConfigurationPlatforms) = postSolution
		{31855C9D-597C-4C8A-AD46-BC5EF0917D65}.Debug|Any CPU.ActiveCfg = Debug|Any CPU
		{31855C9D-597C-4C8A-AD46-BC5EF0917D65}.Debug|Any CPU.Build.0 = Debug|Any CPU
		{31855C9D-597C-4C8A-AD46-BC5EF0917D65}.Release|Any CPU.ActiveCfg = Release|Any CPU
		{31855C9D-597C-4C8A-AD46-BC5EF0917D65}.Release|Any CPU.Build.0 = Release|Any CPU
		{F6C4874D-9E60-43B5-AD5A-E23EC7D669E1}.Debug|Any CPU.ActiveCfg = Debug|Any CPU
		{F6C4874D-9E60-43B5-AD5A-E23EC7D669E1}.Debug|Any CPU.Build.0 = Debug|Any CPU
		{F6C4874D-9E60-43B5-AD5A-E23EC7D669E1}.Release|Any CPU.ActiveCfg = Release|Any CPU
		{F6C4874D-9E60-43B5-AD5A-E23EC7D669E1}.Release|Any CPU.Build.0 = Release|Any CPU
		{020488F7-3DFD-4556-8BF0-CF6A8230B164}.Debug|Any CPU.ActiveCfg = Debug|Any CPU
		{020488F7-3DFD-4556-8BF0-CF6A8230B164}.Debug|Any CPU.Build.0 = Debug|Any CPU
		{020488F7-3DFD-4556-8BF0-CF6A8230B164}.Release|Any CPU.ActiveCfg = Release|Any CPU
		{020488F7-3DFD-4556-8BF0-CF6A8230B164}.Release|Any CPU.Build.0 = Release|Any CPU
	EndGlobalSection
	GlobalSection(SolutionProperties) = preSolution
		HideSolutionNode = FALSE
	EndGlobalSection
	GlobalSection(ExtensibilityGlobals) = postSolution
		SolutionGuid = {1E1E16CA-622A-4138-9263-47C9E6365F06}
	EndGlobalSection
EndGlobal
